
Microsoft Visual Studio Solution File, Format Version 12.00
# Visual Studio 15
VisualStudioVersion = 15.0.26430.16
MinimumVisualStudioVersion = 10.0.40219.1
Project("{FAE04EC0-301F-11D3-BF4B-00C04F79EFBC}") = "BKTree.NET", "src\BKTree.NET\BKTree.NET.csproj", "{7A462777-7680-4891-950B-DB880EEC6E4D}"
EndProject
Project("{FAE04EC0-301F-11D3-BF4B-00C04F79EFBC}") = "BKTree.NET.Tests", "tests\BKTree.NET.Tests\BKTree.NET.Tests.csproj", "{0FB14DD1-06E8-43D6-982B-136D56F1B8BF}"
EndProject
Project("{FAE04EC0-301F-11D3-BF4B-00C04F79EFBC}") = "BKTree.NET.Benchmarks", "benchmarks\BKTree.NET.Benchmarks\BKTree.NET.Benchmarks.csproj", "{99D32013-4C7D-40A6-B1E9-DD56FD3B5997}"
EndProject
Project("{FAE04EC0-301F-11D3-BF4B-00C04F79EFBC}") = "BKTree.NET.Sandbox", "sandbox\BKTree.NET.Sandbox\BKTree.NET.Sandbox.csproj", "{72B48D57-2FBA-4772-B195-C4632617F653}"
EndProject
Global
	GlobalSection(SolutionConfigurationPlatforms) = preSolution
		Debug|Any CPU = Debug|Any CPU
		Release|Any CPU = Release|Any CPU
	EndGlobalSection
	GlobalSection(ProjectConfigurationPlatforms) = postSolution
		{7A462777-7680-4891-950B-DB880EEC6E4D}.Debug|Any CPU.ActiveCfg = Debug|Any CPU
		{7A462777-7680-4891-950B-DB880EEC6E4D}.Debug|Any CPU.Build.0 = Debug|Any CPU
		{7A462777-7680-4891-950B-DB880EEC6E4D}.Release|Any CPU.ActiveCfg = Release|Any CPU
		{7A462777-7680-4891-950B-DB880EEC6E4D}.Release|Any CPU.Build.0 = Release|Any CPU
		{0FB14DD1-06E8-43D6-982B-136D56F1B8BF}.Debug|Any CPU.ActiveCfg = Debug|Any CPU
		{0FB14DD1-06E8-43D6-982B-136D56F1B8BF}.Debug|Any CPU.Build.0 = Debug|Any CPU
		{0FB14DD1-06E8-43D6-982B-136D56F1B8BF}.Release|Any CPU.ActiveCfg = Release|Any CPU
		{0FB14DD1-06E8-43D6-982B-136D56F1B8BF}.Release|Any CPU.Build.0 = Release|Any CPU
		{99D32013-4C7D-40A6-B1E9-DD56FD3B5997}.Debug|Any CPU.ActiveCfg = Debug|Any CPU
		{99D32013-4C7D-40A6-B1E9-DD56FD3B5997}.Debug|Any CPU.Build.0 = Debug|Any CPU
		{99D32013-4C7D-40A6-B1E9-DD56FD3B5997}.Release|Any CPU.ActiveCfg = Release|Any CPU
		{99D32013-4C7D-40A6-B1E9-DD56FD3B5997}.Release|Any CPU.Build.0 = Release|Any CPU
		{72B48D57-2FBA-4772-B195-C4632617F653}.Debug|Any CPU.ActiveCfg = Debug|Any CPU
		{72B48D57-2FBA-4772-B195-C4632617F653}.Debug|Any CPU.Build.0 = Debug|Any CPU
		{72B48D57-2FBA-4772-B195-C4632617F653}.Release|Any CPU.ActiveCfg = Release|Any CPU
		{72B48D57-2FBA-4772-B195-C4632617F653}.Release|Any CPU.Build.0 = Release|Any CPU
	EndGlobalSection
	GlobalSection(SolutionProperties) = preSolution
		HideSolutionNode = FALSE
	EndGlobalSection
EndGlobal
